
Microsoft Visual Studio Solution File, Format Version 12.00
# Visual Studio Version 16
VisualStudioVersion = 16.0.29123.88
MinimumVisualStudioVersion = 10.0.40219.1
Project("{FAE04EC0-301F-11D3-BF4B-00C04F79EFBC}") = "dolist", "dolist\dolist.csproj", "{EDA0D923-00BC-41B0-8100-56429B6D523D}"
EndProject
Global
	GlobalSection(SolutionConfigurationPlatforms) = preSolution
		Debug|Any CPU = Debug|Any CPU
		Release|Any CPU = Release|Any CPU
	EndGlobalSection
	GlobalSection(ProjectConfigurationPlatforms) = postSolution
		{EDA0D923-00BC-41B0-8100-56429B6D523D}.Debug|Any CPU.ActiveCfg = Debug|Any CPU
		{EDA0D923-00BC-41B0-8100-56429B6D523D}.Debug|Any CPU.Build.0 = Debug|Any CPU
		{EDA0D923-00BC-41B0-8100-56429B6D523D}.Release|Any CPU.ActiveCfg = Release|Any CPU
		{EDA0D923-00BC-41B0-8100-56429B6D523D}.Release|Any CPU.Build.0 = Release|Any CPU
	EndGlobalSection
	GlobalSection(SolutionProperties) = preSolution
		HideSolutionNode = FALSE
	EndGlobalSection
	GlobalSection(ExtensibilityGlobals) = postSolution
		SolutionGuid = {D908D1F5-144F-4420-BF3D-704D3934AA81}
	EndGlobalSection
EndGlobal
